{
  "version": 4,
  "terraform_version": "0.12.28",
  "serial": 1,
  "lineage": "d983cba4-4fd6-b1f2-b6d0-d4aef172a475",
  "outputs": {},
  "resources": [
    {
      "mode": "managed",
      "type": "aws_vpc",
      "name": "myvpc",
      "provider": "provider.aws",
      "instances": [
        {
          "schema_version": 1,
          "attributes": {
            "arn": "arn:aws:ec2:us-east-2:679456850165:vpc/vpc-067745d2aec19fc11",
            "assign_generated_ipv6_cidr_block": false,
            "cidr_block": "10.0.0.0/16",
            "default_network_acl_id": "acl-0b2676a26de1e1790",
            "default_route_table_id": "rtb-0b227401d19a61f78",
            "default_security_group_id": "sg-024c22961d99cb193",
            "dhcp_options_id": "dopt-fc972e97",
            "enable_classiclink": null,
            "enable_classiclink_dns_support": null,
            "enable_dns_hostnames": false,
            "enable_dns_support": true,
            "id": "vpc-067745d2aec19fc11",
            "instance_tenancy": "default",
            "ipv6_association_id": "",
            "ipv6_cidr_block": "",
            "main_route_table_id": "rtb-0b227401d19a61f78",
            "owner_id": "679456850165",
            "tags": null
          },
          "private": "eyJzY2hlbWFfdmVyc2lvbiI6IjEifQ=="
        }
      ]
    }
  ]
}
