{
  "version": 4,
  "terraform_version": "0.12.28",
  "serial": 1,
  "lineage": "fc015326-6fa4-8e85-a5b3-6405450299d0",
  "outputs": {},
  "resources": [
    {
      "mode": "managed",
      "type": "aws_iam_policy_attachment",
      "name": "policyBind",
      "provider": "provider.aws",
      "instances": []
    },
    {
      "mode": "managed",
      "type": "aws_iam_user",
      "name": "myUser",
      "provider": "provider.aws",
      "instances": [
        {
          "schema_version": 0,
          "attributes": {
            "arn": "arn:aws:iam::679456850165:user/h0ffen",
            "force_destroy": false,
            "id": "h0ffen",
            "name": "h0ffen",
            "path": "/",
            "permissions_boundary": null,
            "tags": null,
            "unique_id": "AIDAZ4MWIYD2R27CY3LMY"
          },
          "private": "bnVsbA=="
        }
      ]
    }
  ]
}
